
Microsoft Visual Studio Solution File, Format Version 12.00
# Visual Studio Version 17
VisualStudioVersion = 17.2.32630.192
MinimumVisualStudioVersion = 10.0.40219.1
Project("{FAE04EC0-301F-11D3-BF4B-00C04F79EFBC}") = "Lysko_Denis_Amicable_numbers", "Lysko_Denis_Amicable_numbers\Lysko_Denis_Amicable_numbers.csproj", "{6696E906-F0A0-4555-8228-4706ABA5E1BD}"
EndProject
Global
	GlobalSection(SolutionConfigurationPlatforms) = preSolution
		Debug|Any CPU = Debug|Any CPU
		Release|Any CPU = Release|Any CPU
	EndGlobalSection
	GlobalSection(ProjectConfigurationPlatforms) = postSolution
		{6696E906-F0A0-4555-8228-4706ABA5E1BD}.Debug|Any CPU.ActiveCfg = Debug|Any CPU
		{6696E906-F0A0-4555-8228-4706ABA5E1BD}.Debug|Any CPU.Build.0 = Debug|Any CPU
		{6696E906-F0A0-4555-8228-4706ABA5E1BD}.Release|Any CPU.ActiveCfg = Release|Any CPU
		{6696E906-F0A0-4555-8228-4706ABA5E1BD}.Release|Any CPU.Build.0 = Release|Any CPU
	EndGlobalSection
	GlobalSection(SolutionProperties) = preSolution
		HideSolutionNode = FALSE
	EndGlobalSection
	GlobalSection(ExtensibilityGlobals) = postSolution
		SolutionGuid = {4AA843DC-032E-4A06-A531-9F9591F9DC46}
	EndGlobalSection
EndGlobal
