
Microsoft Visual Studio Solution File, Format Version 12.00
# Visual Studio Version 17
VisualStudioVersion = 17.2.32616.157
MinimumVisualStudioVersion = 10.0.40219.1
Project("{FAE04EC0-301F-11D3-BF4B-00C04F79EFBC}") = "Lesson 2_1", "Lesson 2_1\Lesson 2_1.csproj", "{C2832DD8-DC17-4BF4-928A-4C15CC9795EF}"
EndProject
Project("{FAE04EC0-301F-11D3-BF4B-00C04F79EFBC}") = "Lesson 2_2", "Lesson 2_2\Lesson 2_2.csproj", "{8B9F218D-6A2D-4FDC-9233-6AA5BF5B9876}"
EndProject
Global
	GlobalSection(SolutionConfigurationPlatforms) = preSolution
		Debug|Any CPU = Debug|Any CPU
		Release|Any CPU = Release|Any CPU
	EndGlobalSection
	GlobalSection(ProjectConfigurationPlatforms) = postSolution
		{C2832DD8-DC17-4BF4-928A-4C15CC9795EF}.Debug|Any CPU.ActiveCfg = Debug|Any CPU
		{C2832DD8-DC17-4BF4-928A-4C15CC9795EF}.Debug|Any CPU.Build.0 = Debug|Any CPU
		{C2832DD8-DC17-4BF4-928A-4C15CC9795EF}.Release|Any CPU.ActiveCfg = Release|Any CPU
		{C2832DD8-DC17-4BF4-928A-4C15CC9795EF}.Release|Any CPU.Build.0 = Release|Any CPU
		{8B9F218D-6A2D-4FDC-9233-6AA5BF5B9876}.Debug|Any CPU.ActiveCfg = Debug|Any CPU
		{8B9F218D-6A2D-4FDC-9233-6AA5BF5B9876}.Debug|Any CPU.Build.0 = Debug|Any CPU
		{8B9F218D-6A2D-4FDC-9233-6AA5BF5B9876}.Release|Any CPU.ActiveCfg = Release|Any CPU
		{8B9F218D-6A2D-4FDC-9233-6AA5BF5B9876}.Release|Any CPU.Build.0 = Release|Any CPU
	EndGlobalSection
	GlobalSection(SolutionProperties) = preSolution
		HideSolutionNode = FALSE
	EndGlobalSection
	GlobalSection(ExtensibilityGlobals) = postSolution
		SolutionGuid = {13C5C8FE-36DE-4FE9-9FC0-F7E1A0001FE2}
	EndGlobalSection
EndGlobal
