
Microsoft Visual Studio Solution File, Format Version 12.00
# Visual Studio Version 17
VisualStudioVersion = 17.2.32630.192
MinimumVisualStudioVersion = 10.0.40219.1
Project("{FAE04EC0-301F-11D3-BF4B-00C04F79EFBC}") = "Lesson 12_1", "Lesson 12_1\Lesson 12_1.csproj", "{5928A035-E8E2-4BF5-8C82-B1A80EE0AB03}"
EndProject
Global
	GlobalSection(SolutionConfigurationPlatforms) = preSolution
		Debug|Any CPU = Debug|Any CPU
		Release|Any CPU = Release|Any CPU
	EndGlobalSection
	GlobalSection(ProjectConfigurationPlatforms) = postSolution
		{5928A035-E8E2-4BF5-8C82-B1A80EE0AB03}.Debug|Any CPU.ActiveCfg = Debug|Any CPU
		{5928A035-E8E2-4BF5-8C82-B1A80EE0AB03}.Debug|Any CPU.Build.0 = Debug|Any CPU
		{5928A035-E8E2-4BF5-8C82-B1A80EE0AB03}.Release|Any CPU.ActiveCfg = Release|Any CPU
		{5928A035-E8E2-4BF5-8C82-B1A80EE0AB03}.Release|Any CPU.Build.0 = Release|Any CPU
	EndGlobalSection
	GlobalSection(SolutionProperties) = preSolution
		HideSolutionNode = FALSE
	EndGlobalSection
	GlobalSection(ExtensibilityGlobals) = postSolution
		SolutionGuid = {1C735287-44E7-46B6-996B-0BE4E51E3975}
	EndGlobalSection
EndGlobal
